dependencies:
  espressif/mpu6050:
    component_hash: 7ecc0e0fb49eb7a9269e2b0d30ba73479b321157e2ca435a9d29f2ceb6be9654
    source:
      service_url: https://api.components.espressif.com/
      type: service
    version: 1.0.2
  idf:
    component_hash: null
    source:
      type: idf
    version: 4.3.1
manifest_hash: 415123d27a5ba12faf6e4e0187a8fb469cbc3a7364126014a24157b310e57a98
target: esp32
version: 1.0.0
